{
  "policy": "Changes to these files require the repository owner's explicit approval. Regenerate only via `scripts/eval-rag.py lock --approved-by <owner>` after that approval, and carry a `Rag-Bench-Approved-By:` trailer on the commit.",
  "approved_by": "salvia95",
  "date": "2026-09-08",
  "files": {
    "scripts/eval-rag.py": "d282c75d4fb024d54defc596bb323f2468ea0ad68db3cbf44847013c3ada73b0",
    "eval/rag/tasks.jsonl": "09736d58774e7f4604dc67cec791df0eeeadb16c7338202c31491b6b3f1bc7de",
    "eval/rag/expected.jsonl": "d7ee79724716819cb42dcc4c7b711a177c061cb6cee0eeed54f752b1f164e932"
  }
}
