{
  "policy": "Changes to these files require the repository owner's explicit approval. Regenerate only via `scripts/eval-rag.py lock --approved-by <owner>` after that approval, and carry a `Rag-Bench-Approved-By:` trailer on the commit.",
  "approved_by": "salvia95",
  "date": "2026-09-08",
  "files": {
    "scripts/eval-rag.py": "d282c75d4fb024d54defc596bb323f2468ea0ad68db3cbf44847013c3ada73b0",
    "eval/rag/tasks.jsonl": "7c3f11ea249c503bd9b5c55a36f1c1fa11451d9d34403f5c663cfdc8936588a4",
    "eval/rag/expected.jsonl": "bc0bcde24274ac2cc6d757742583e931eba813f6c2cbe253ebc1cb9e25e92c4a"
  }
}
